// !$*UTF8*$!
{
	archiveVersion = 1;
	classes = {
	};
	objectVersion = 56;
	objects = {

/* Begin PBXBuildFile section */
		CEA7E1892C3BD11B0079970B /* main.swift in Sources */ = {isa = PBXBuildFile; fileRef = CEA7E1882C3BD11B0079970B /* main.swift */; };
		FA2718472C3C11E8007C1488 /* boxer.swift in Sources */ = {isa = PBXBuildFile; fileRef = FA2718462C3C11E8007C1488 /* boxer.swift */; };
		FA2718492C3C1BB0007C1488 /* boxring.swift in Sources */ = {isa = PBXBuildFile; fileRef = FA2718482C3C1BB0007C1488 /* boxring.swift */; };
		FA2D0D802C3EA4E900F9C60A /* enums.swift in Sources */ = {isa = PBXBuildFile; fileRef = FA2D0D7F2C3EA4E900F9C60A /* enums.swift */; };
		FAF5B9752C3ECC47007DE009 /* funktionen.swift in Sources */ = {isa = PBXBuildFile; fileRef = FAF5B9742C3ECC47007DE009 /* funktionen.swift */; };
		FAF5B9772C3ED2C7007DE009 /* instanzen.swift in Sources */ = {isa = PBXBuildFile; fileRef = FAF5B9762C3ED2C7007DE009 /* instanzen.swift */; };
/* End PBXBuildFile section */

/* Begin PBXCopyFilesBuildPhase section */
		CEA7E1832C3BD11B0079970B /* CopyFiles */ = {
			isa = PBXCopyFilesBuildPhase;
			buildActionMask = 2147483647;
			dstPath = /usr/share/man/man1/;
			dstSubfolderSpec = 0;
			files = (
			);
			runOnlyForDeploymentPostprocessing = 1;
		};
/* End PBXCopyFilesBuildPhase section */

/* Begin PBXFileReference section */
		CEA7E1852C3BD11B0079970B /* Box Simulation */ = {isa = PBXFileReference; explicitFileType = "compiled.mach-o.executable"; includeInIndex = 0; path = "Box Simulation"; sourceTree = BUILT_PRODUCTS_DIR; };
		CEA7E1882C3BD11B0079970B /* main.swift */ = {isa = PBXFileReference; lastKnownFileType = sourcecode.swift; path = main.swift; sourceTree = "<group>"; };
		FA2718462C3C11E8007C1488 /* boxer.swift */ = {isa = PBXFileReference; lastKnownFileType = sourcecode.swift; path = boxer.swift; sourceTree = "<group>"; };
		FA2718482C3C1BB0007C1488 /* boxring.swift */ = {isa = PBXFileReference; lastKnownFileType = sourcecode.swift; path = boxring.swift; sourceTree = "<group>"; };
		FA2D0D7F2C3EA4E900F9C60A /* enums.swift */ = {isa = PBXFileReference; lastKnownFileType = sourcecode.swift; path = enums.swift; sourceTree = "<group>"; };
		FAF5B9742C3ECC47007DE009 /* funktionen.swift */ = {isa = PBXFileReference; lastKnownFileType = sourcecode.swift; path = funktionen.swift; sourceTree = "<group>"; };
		FAF5B9762C3ED2C7007DE009 /* instanzen.swift */ = {isa = PBXFileReference; lastKnownFileType = sourcecode.swift; path = instanzen.swift; sourceTree = "<group>"; };
/* End PBXFileReference section */

/* Begin PBXFrameworksBuildPhase section */
		CEA7E1822C3BD11B0079970B /* Frameworks */ = {
			isa = PBXFrameworksBuildPhase;
			buildActionMask = 2147483647;
			files = (
			);
			runOnlyForDeploymentPostprocessing = 0;
		};
/* End PBXFrameworksBuildPhase section */

/* Begin PBXGroup section */
		CEA7E17C2C3BD11B0079970B = {
			isa = PBXGroup;
			children = (
				CEA7E1872C3BD11B0079970B /* Box Simulation */,
				CEA7E1862C3BD11B0079970B /* Products */,
			);
			sourceTree = "<group>";
		};
		CEA7E1862C3BD11B0079970B /* Products */ = {
			isa = PBXGroup;
			children = (
				CEA7E1852C3BD11B0079970B /* Box Simulation */,
			);
			name = Products;
			sourceTree = "<group>";
		};
		CEA7E1872C3BD11B0079970B /* Box Simulation */ = {
			isa = PBXGroup;
			children = (
				CEA7E1882C3BD11B0079970B /* main.swift */,
				FA2718462C3C11E8007C1488 /* boxer.swift */,
				FA2718482C3C1BB0007C1488 /* boxring.swift */,
				FA2D0D7F2C3EA4E900F9C60A /* enums.swift */,
				FAF5B9742C3ECC47007DE009 /* funktionen.swift */,
				FAF5B9762C3ED2C7007DE009 /* instanzen.swift */,
			);
			path = "Box Simulation";
			sourceTree = "<group>";
		};
/* End PBXGroup section */

/* Begin PBXNativeTarget section */
		CEA7E1842C3BD11B0079970B /* Box Simulation */ = {
			isa = PBXNativeTarget;
			buildConfigurationList = CEA7E18C2C3BD11B0079970B /* Build configuration list for PBXNativeTarget "Box Simulation" */;
			buildPhases = (
				CEA7E1812C3BD11B0079970B /* Sources */,
				CEA7E1822C3BD11B0079970B /* Frameworks */,
				CEA7E1832C3BD11B0079970B /* CopyFiles */,
			);
			buildRules = (
			);
			dependencies = (
			);
			name = "Box Simulation";
			productName = "Box Simulation";
			productReference = CEA7E1852C3BD11B0079970B /* Box Simulation */;
			productType = "com.apple.product-type.tool";
		};
/* End PBXNativeTarget section */

/* Begin PBXProject section */
		CEA7E17D2C3BD11B0079970B /* Project object */ = {
			isa = PBXProject;
			attributes = {
				BuildIndependentTargetsInParallel = 1;
				LastSwiftUpdateCheck = 1540;
				LastUpgradeCheck = 1540;
				TargetAttributes = {
					CEA7E1842C3BD11B0079970B = {
						CreatedOnToolsVersion = 15.4;
					};
				};
			};
			buildConfigurationList = CEA7E1802C3BD11B0079970B /* Build configuration list for PBXProject "Box Simulation" */;
			compatibilityVersion = "Xcode 14.0";
			developmentRegion = en;
			hasScannedForEncodings = 0;
			knownRegions = (
				en,
				Base,
			);
			mainGroup = CEA7E17C2C3BD11B0079970B;
			productRefGroup = CEA7E1862C3BD11B0079970B /* Products */;
			projectDirPath = "";
			projectRoot = "";
			targets = (
				CEA7E1842C3BD11B0079970B /* Box Simulation */,
			);
		};
/* End PBXProject section */

/* Begin PBXSourcesBuildPhase section */
		CEA7E1812C3BD11B0079970B /* Sources */ = {
			isa = PBXSourcesBuildPhase;
			buildActionMask = 2147483647;
			files = (
				FAF5B9772C3ED2C7007DE009 /* instanzen.swift in Sources */,
				FA2718472C3C11E8007C1488 /* boxer.swift in Sources */,
				FA2718492C3C1BB0007C1488 /* boxring.swift in Sources */,
				FA2D0D802C3EA4E900F9C60A /* enums.swift in Sources */,
				CEA7E1892C3BD11B0079970B /* main.swift in Sources */,
				FAF5B9752C3ECC47007DE009 /* funktionen.swift in Sources */,
			);
			runOnlyForDeploymentPostprocessing = 0;
		};
/* End PBXSourcesBuildPhase section */

/* Begin XCBuildConfiguration section */
		CEA7E18A2C3BD11B0079970B /* Debug */ = {
			isa = XCBuildConfiguration;
			buildSettings = {
				ALWAYS_SEARCH_USER_PATHS = NO;
				ASSETCATALOG_COMPILER_GENERATE_SWIFT_ASSET_SYMBOL_EXTENSIONS = YES;
				CLANG_ANALYZER_NONNULL = YES;
				CLANG_ANALYZER_NUMBER_OBJECT_CONVERSION = YES_AGGRESSIVE;
				CLANG_CXX_LANGUAGE_STANDARD = "gnu++20";
				CLANG_ENABLE_MODULES = YES;
				CLANG_ENABLE_OBJC_ARC = YES;
				CLANG_ENABLE_OBJC_WEAK = YES;
				CLANG_WARN_BLOCK_CAPTURE_AUTORELEASING = YES;
				CLANG_WARN_BOOL_CONVERSION = YES;
				CLANG_WARN_COMMA = YES;
				CLANG_WARN_CONSTANT_CONVERSION = YES;
				CLANG_WARN_DEPRECATED_OBJC_IMPLEMENTATIONS = YES;
				CLANG_WARN_DIRECT_OBJC_ISA_USAGE = YES_ERROR;
				CLANG_WARN_DOCUMENTATION_COMMENTS = YES;
				CLANG_WARN_EMPTY_BODY = YES;
				CLANG_WARN_ENUM_CONVERSION = YES;
				CLANG_WARN_INFINITE_RECURSION = YES;
				CLANG_WARN_INT_CONVERSION = YES;
				CLANG_WARN_NON_LITERAL_NULL_CONVERSION = YES;
				CLANG_WARN_OBJC_IMPLICIT_RETAIN_SELF = YES;
				CLANG_WARN_OBJC_LITERAL_CONVERSION = YES;
				CLANG_WARN_OBJC_ROOT_CLASS = YES_ERROR;
				CLANG_WARN_QUOTED_INCLUDE_IN_FRAMEWORK_HEADER = YES;
				CLANG_WARN_RANGE_LOOP_ANALYSIS = YES;
				CLANG_WARN_STRICT_PROTOTYPES = YES;
				CLANG_WARN_SUSPICIOUS_MOVE = YES;
				CLANG_WARN_UNGUARDED_AVAILABILITY = YES_AGGRESSIVE;
				CLANG_WARN_UNREACHABLE_CODE = YES;
				CLANG_WARN__DUPLICATE_METHOD_MATCH = YES;
				COPY_PHASE_STRIP = NO;
				DEBUG_INFORMATION_FORMAT = dwarf;
				ENABLE_STRICT_OBJC_MSGSEND = YES;
				ENABLE_TESTABILITY = YES;
				ENABLE_USER_SCRIPT_SANDBOXING = YES;
				GCC_C_LANGUAGE_STANDARD = gnu17;
				GCC_DYNAMIC_NO_PIC = NO;
				GCC_NO_COMMON_BLOCKS = YES;
				GCC_OPTIMIZATION_LEVEL = 0;
				GCC_PREPROCESSOR_DEFINITIONS = (
					"DEBUG=1",
					"$(inherited)",
				);
				GCC_WARN_64_TO_32_BIT_CONVERSION = YES;
				GCC_WARN_ABOUT_RETURN_TYPE = YES_ERROR;
				GCC_WARN_UNDECLARED_SELECTOR = YES;
				GCC_WARN_UNINITIALIZED_AUTOS = YES_AGGRESSIVE;
				GCC_WARN_UNUSED_FUNCTION = YES;
				GCC_WARN_UNUSED_VARIABLE = YES;
				LOCALIZATION_PREFERS_STRING_CATALOGS = YES;
				MACOSX_DEPLOYMENT_TARGET = 14.5;
				MTL_ENABLE_DEBUG_INFO = INCLUDE_SOURCE;
				MTL_FAST_MATH = YES;
				ONLY_ACTIVE_ARCH = YES;
				SDKROOT = macosx;
				SWIFT_ACTIVE_COMPILATION_CONDITIONS = "DEBUG $(inherited)";
				SWIFT_OPTIMIZATION_LEVEL = "-Onone";
			};
			name = Debug;
		};
		CEA7E18B2C3BD11B0079970B /* Release */ = {
			isa = XCBuildConfiguration;
			buildSettings = {
				ALWAYS_SEARCH_USER_PATHS = NO;
				ASSETCATALOG_COMPILER_GENERATE_SWIFT_ASSET_SYMBOL_EXTENSIONS = YES;
				CLANG_ANALYZER_NONNULL = YES;
				CLANG_ANALYZER_NUMBER_OBJECT_CONVERSION = YES_AGGRESSIVE;
				CLANG_CXX_LANGUAGE_STANDARD = "gnu++20";
				CLANG_ENABLE_MODULES = YES;
				CLANG_ENABLE_OBJC_ARC = YES;
				CLANG_ENABLE_OBJC_WEAK = YES;
				CLANG_WARN_BLOCK_CAPTURE_AUTORELEASING = YES;
				CLANG_WARN_BOOL_CONVERSION = YES;
				CLANG_WARN_COMMA = YES;
				CLANG_WARN_CONSTANT_CONVERSION = YES;
				CLANG_WARN_DEPRECATED_OBJC_IMPLEMENTATIONS = YES;
				CLANG_WARN_DIRECT_OBJC_ISA_USAGE = YES_ERROR;
				CLANG_WARN_DOCUMENTATION_COMMENTS = YES;
				CLANG_WARN_EMPTY_BODY = YES;
				CLANG_WARN_ENUM_CONVERSION = YES;
				CLANG_WARN_INFINITE_RECURSION = YES;
				CLANG_WARN_INT_CONVERSION = YES;
				CLANG_WARN_NON_LITERAL_NULL_CONVERSION = YES;
				CLANG_WARN_OBJC_IMPLICIT_RETAIN_SELF = YES;
				CLANG_WARN_OBJC_LITERAL_CONVERSION = YES;
				CLANG_WARN_OBJC_ROOT_CLASS = YES_ERROR;
				CLANG_WARN_QUOTED_INCLUDE_IN_FRAMEWORK_HEADER = YES;
				CLANG_WARN_RANGE_LOOP_ANALYSIS = YES;
				CLANG_WARN_STRICT_PROTOTYPES = YES;
				CLANG_WARN_SUSPICIOUS_MOVE = YES;
				CLANG_WARN_UNGUARDED_AVAILABILITY = YES_AGGRESSIVE;
				CLANG_WARN_UNREACHABLE_CODE = YES;
				CLANG_WARN__DUPLICATE_METHOD_MATCH = YES;
				COPY_PHASE_STRIP = NO;
				DEBUG_INFORMATION_FORMAT = "dwarf-with-dsym";
				ENABLE_NS_ASSERTIONS = NO;
				ENABLE_STRICT_OBJC_MSGSEND = YES;
				ENABLE_USER_SCRIPT_SANDBOXING = YES;
				GCC_C_LANGUAGE_STANDARD = gnu17;
				GCC_NO_COMMON_BLOCKS = YES;
				GCC_WARN_64_TO_32_BIT_CONVERSION = YES;
				GCC_WARN_ABOUT_RETURN_TYPE = YES_ERROR;
				GCC_WARN_UNDECLARED_SELECTOR = YES;
				GCC_WARN_UNINITIALIZED_AUTOS = YES_AGGRESSIVE;
				GCC_WARN_UNUSED_FUNCTION = YES;
				GCC_WARN_UNUSED_VARIABLE = YES;
				LOCALIZATION_PREFERS_STRING_CATALOGS = YES;
				MACOSX_DEPLOYMENT_TARGET = 14.5;
				MTL_ENABLE_DEBUG_INFO = NO;
				MTL_FAST_MATH = YES;
				SDKROOT = macosx;
				SWIFT_COMPILATION_MODE = wholemodule;
			};
			name = Release;
		};
		CEA7E18D2C3BD11B0079970B /* Debug */ = {
			isa = XCBuildConfiguration;
			buildSettings = {
				CODE_SIGN_STYLE = Automatic;
				PRODUCT_NAME = "$(TARGET_NAME)";
				SWIFT_VERSION = 5.0;
			};
			name = Debug;
		};
		CEA7E18E2C3BD11B0079970B /* Release */ = {
			isa = XCBuildConfiguration;
			buildSettings = {
				CODE_SIGN_STYLE = Automatic;
				PRODUCT_NAME = "$(TARGET_NAME)";
				SWIFT_VERSION = 5.0;
			};
			name = Release;
		};
/* End XCBuildConfiguration section */

/* Begin XCConfigurationList section */
		CEA7E1802C3BD11B0079970B /* Build configuration list for PBXProject "Box Simulation" */ = {
			isa = XCConfigurationList;
			buildConfigurations = (
				CEA7E18A2C3BD11B0079970B /* Debug */,
				CEA7E18B2C3BD11B0079970B /* Release */,
			);
			defaultConfigurationIsVisible = 0;
			defaultConfigurationName = Release;
		};
		CEA7E18C2C3BD11B0079970B /* Build configuration list for PBXNativeTarget "Box Simulation" */ = {
			isa = XCConfigurationList;
			buildConfigurations = (
				CEA7E18D2C3BD11B0079970B /* Debug */,
				CEA7E18E2C3BD11B0079970B /* Release */,
			);
			defaultConfigurationIsVisible = 0;
			defaultConfigurationName = Release;
		};
/* End XCConfigurationList section */
	};
	rootObject = CEA7E17D2C3BD11B0079970B /* Project object */;
}
